
Microsoft Visual Studio Solution File, Format Version 12.00
# Visual Studio Version 17
VisualStudioVersion = 17.0.31903.59
MinimumVisualStudioVersion = 10.0.40219.1
Project("{2150E333-8FDC-42A3-9474-1A3956D46DE8}") = "Services", "Services", "{B65757C4-B749-447D-B0CE-F5890770BCC4}"
EndProject
Project("{2150E333-8FDC-42A3-9474-1A3956D46DE8}") = "UserAuth", "UserAuth", "{068C3557-3F10-4924-8E2B-150FA8AF2702}"
EndProject
Project("{9A19103F-16F7-4668-BE54-9A1E7A4F7556}") = "UserAuth.Service", "Services\UserAuth.Service\UserAuth.Service.csproj", "{7CEF9448-7447-4916-811E-8281BA4BE10B}"
EndProject
Project("{9A19103F-16F7-4668-BE54-9A1E7A4F7556}") = "UserAuth.Domain", "Services\UserAuth.Domain\UserAuth.Domain.csproj", "{A1B2C3D4-E5F6-7890-ABCD-EF1234567890}"
EndProject
Project("{9A19103F-16F7-4668-BE54-9A1E7A4F7556}") = "UserAuth.Repository", "Services\UserAuth.Repository\UserAuth.Repository.csproj", "{B2C3D4E5-F6A7-8901-BCDE-F12345678901}"
EndProject
Project("{2150E333-8FDC-42A3-9474-1A3956D46DE8}") = "Product", "Product", "{BC8AF346-DD48-421B-8B34-C895117F7205}"
EndProject
Project("{9A19103F-16F7-4668-BE54-9A1E7A4F7556}") = "Product.Service", "Services\Product.Service\Product.Service.csproj", "{C1E2A2C6-2CEF-4B0A-AA06-A7226D257731}"
EndProject
Project("{9A19103F-16F7-4668-BE54-9A1E7A4F7556}") = "Product.Domain", "Services\Product.Domain\Product.Domain.csproj", "{D1E2F3A4-B5C6-7890-CDEF-012345678902}"
EndProject
Project("{9A19103F-16F7-4668-BE54-9A1E7A4F7556}") = "Product.Repository", "Services\Product.Repository\Product.Repository.csproj", "{E2F3A4B5-C6D7-8901-DEF0-123456789012}"
EndProject
Project("{2150E333-8FDC-42A3-9474-1A3956D46DE8}") = "Booking", "Booking", "{0353194B-85C7-4BFD-9E65-9300EE30DDF6}"
EndProject
Project("{9A19103F-16F7-4668-BE54-9A1E7A4F7556}") = "Booking.Service", "Services\Booking.Service\Booking.Service.csproj", "{79EA5A9F-E7A9-442A-8078-554AF4341921}"
EndProject
Project("{2150E333-8FDC-42A3-9474-1A3956D46DE8}") = "Admin", "Admin", "{C61B8CC4-F478-4FA8-B28C-8461BBAEFFF5}"
EndProject
Project("{9A19103F-16F7-4668-BE54-9A1E7A4F7556}") = "Admin.Service", "Services\Admin.Service\Admin.Service.csproj", "{5FBA3ED4-3D46-49DB-A0E2-BFC5D44D8DD8}"
EndProject
Project("{9A19103F-16F7-4668-BE54-9A1E7A4F7556}") = "Admin.Domain", "Services\Admin.Domain\Admin.Domain.csproj", "{A1234567-89AB-CDEF-0123-456789ABCDEF}"
EndProject
Project("{9A19103F-16F7-4668-BE54-9A1E7A4F7556}") = "Admin.Repository", "Services\Admin.Repository\Admin.Repository.csproj", "{B2345678-9ABC-DEF0-1234-56789ABCDEF0}"
EndProject
Project("{2150E333-8FDC-42A3-9474-1A3956D46DE8}") = "Shared", "Shared", "{F69928B5-89F6-474E-B551-AD47BD9BE44D}"
EndProject
Project("{2150E333-8FDC-42A3-9474-1A3956D46DE8}") = "IronBridge.Shared", "IronBridge.Shared", "{7B618FC1-D1E0-4D2F-BE9A-8C17E00B4F33}"
EndProject
Project("{9A19103F-16F7-4668-BE54-9A1E7A4F7556}") = "IronBridge.Shared", "Shared\IronBridge.Shared\IronBridge.Shared.csproj", "{CD984734-367B-4218-95A6-34239BAA1575}"
EndProject
Project("{9A19103F-16F7-4668-BE54-9A1E7A4F7556}") = "Booking.Domain", "Services\Booking.Domain\Booking.Domain.csproj", "{92C8E18C-FB01-470B-91A8-64A7D8D23A3E}"
EndProject
Project("{9A19103F-16F7-4668-BE54-9A1E7A4F7556}") = "Booking.Repository", "Services\Booking.Repository\Booking.Repository.csproj", "{CCCFE86C-1B86-4F86-BC78-5EBB6A6A6D41}"
EndProject
Global
	GlobalSection(SolutionConfigurationPlatforms) = preSolution
		Debug|Any CPU = Debug|Any CPU
		Release|Any CPU = Release|Any CPU
	EndGlobalSection
	GlobalSection(ProjectConfigurationPlatforms) = postSolution
		{7CEF9448-7447-4916-811E-8281BA4BE10B}.Debug|Any CPU.ActiveCfg = Debug|Any CPU
		{7CEF9448-7447-4916-811E-8281BA4BE10B}.Debug|Any CPU.Build.0 = Debug|Any CPU
		{7CEF9448-7447-4916-811E-8281BA4BE10B}.Release|Any CPU.ActiveCfg = Release|Any CPU
		{7CEF9448-7447-4916-811E-8281BA4BE10B}.Release|Any CPU.Build.0 = Release|Any CPU
		{A1B2C3D4-E5F6-7890-ABCD-EF1234567890}.Debug|Any CPU.ActiveCfg = Debug|Any CPU
		{A1B2C3D4-E5F6-7890-ABCD-EF1234567890}.Debug|Any CPU.Build.0 = Debug|Any CPU
		{A1B2C3D4-E5F6-7890-ABCD-EF1234567890}.Release|Any CPU.ActiveCfg = Release|Any CPU
		{A1B2C3D4-E5F6-7890-ABCD-EF1234567890}.Release|Any CPU.Build.0 = Release|Any CPU
		{B2C3D4E5-F6A7-8901-BCDE-F12345678901}.Debug|Any CPU.ActiveCfg = Debug|Any CPU
		{B2C3D4E5-F6A7-8901-BCDE-F12345678901}.Debug|Any CPU.Build.0 = Debug|Any CPU
		{B2C3D4E5-F6A7-8901-BCDE-F12345678901}.Release|Any CPU.ActiveCfg = Release|Any CPU
		{B2C3D4E5-F6A7-8901-BCDE-F12345678901}.Release|Any CPU.Build.0 = Release|Any CPU
		{C1E2A2C6-2CEF-4B0A-AA06-A7226D257731}.Debug|Any CPU.ActiveCfg = Debug|Any CPU
		{C1E2A2C6-2CEF-4B0A-AA06-A7226D257731}.Debug|Any CPU.Build.0 = Debug|Any CPU
		{C1E2A2C6-2CEF-4B0A-AA06-A7226D257731}.Release|Any CPU.ActiveCfg = Release|Any CPU
		{C1E2A2C6-2CEF-4B0A-AA06-A7226D257731}.Release|Any CPU.Build.0 = Release|Any CPU
		{D1E2F3A4-B5C6-7890-CDEF-012345678902}.Debug|Any CPU.ActiveCfg = Debug|Any CPU
		{D1E2F3A4-B5C6-7890-CDEF-012345678902}.Debug|Any CPU.Build.0 = Debug|Any CPU
		{D1E2F3A4-B5C6-7890-CDEF-012345678902}.Release|Any CPU.ActiveCfg = Release|Any CPU
		{D1E2F3A4-B5C6-7890-CDEF-012345678902}.Release|Any CPU.Build.0 = Release|Any CPU
		{E2F3A4B5-C6D7-8901-DEF0-123456789012}.Debug|Any CPU.ActiveCfg = Debug|Any CPU
		{E2F3A4B5-C6D7-8901-DEF0-123456789012}.Debug|Any CPU.Build.0 = Debug|Any CPU
		{E2F3A4B5-C6D7-8901-DEF0-123456789012}.Release|Any CPU.ActiveCfg = Release|Any CPU
		{E2F3A4B5-C6D7-8901-DEF0-123456789012}.Release|Any CPU.Build.0 = Release|Any CPU
		{79EA5A9F-E7A9-442A-8078-554AF4341921}.Debug|Any CPU.ActiveCfg = Debug|Any CPU
		{79EA5A9F-E7A9-442A-8078-554AF4341921}.Debug|Any CPU.Build.0 = Debug|Any CPU
		{79EA5A9F-E7A9-442A-8078-554AF4341921}.Release|Any CPU.ActiveCfg = Release|Any CPU
		{79EA5A9F-E7A9-442A-8078-554AF4341921}.Release|Any CPU.Build.0 = Release|Any CPU
		{5FBA3ED4-3D46-49DB-A0E2-BFC5D44D8DD8}.Debug|Any CPU.ActiveCfg = Debug|Any CPU
		{5FBA3ED4-3D46-49DB-A0E2-BFC5D44D8DD8}.Debug|Any CPU.Build.0 = Debug|Any CPU
		{5FBA3ED4-3D46-49DB-A0E2-BFC5D44D8DD8}.Release|Any CPU.ActiveCfg = Release|Any CPU
		{5FBA3ED4-3D46-49DB-A0E2-BFC5D44D8DD8}.Release|Any CPU.Build.0 = Release|Any CPU
		{A1234567-89AB-CDEF-0123-456789ABCDEF}.Debug|Any CPU.ActiveCfg = Debug|Any CPU
		{A1234567-89AB-CDEF-0123-456789ABCDEF}.Debug|Any CPU.Build.0 = Debug|Any CPU
		{A1234567-89AB-CDEF-0123-456789ABCDEF}.Release|Any CPU.ActiveCfg = Release|Any CPU
		{A1234567-89AB-CDEF-0123-456789ABCDEF}.Release|Any CPU.Build.0 = Release|Any CPU
		{B2345678-9ABC-DEF0-1234-56789ABCDEF0}.Debug|Any CPU.ActiveCfg = Debug|Any CPU
		{B2345678-9ABC-DEF0-1234-56789ABCDEF0}.Debug|Any CPU.Build.0 = Debug|Any CPU
		{B2345678-9ABC-DEF0-1234-56789ABCDEF0}.Release|Any CPU.ActiveCfg = Release|Any CPU
		{B2345678-9ABC-DEF0-1234-56789ABCDEF0}.Release|Any CPU.Build.0 = Release|Any CPU
		{CD984734-367B-4218-95A6-34239BAA1575}.Debug|Any CPU.ActiveCfg = Debug|Any CPU
		{CD984734-367B-4218-95A6-34239BAA1575}.Debug|Any CPU.Build.0 = Debug|Any CPU
		{CD984734-367B-4218-95A6-34239BAA1575}.Release|Any CPU.ActiveCfg = Release|Any CPU
		{CD984734-367B-4218-95A6-34239BAA1575}.Release|Any CPU.Build.0 = Release|Any CPU
		{92C8E18C-FB01-470B-91A8-64A7D8D23A3E}.Debug|Any CPU.ActiveCfg = Debug|Any CPU
		{92C8E18C-FB01-470B-91A8-64A7D8D23A3E}.Debug|Any CPU.Build.0 = Debug|Any CPU
		{92C8E18C-FB01-470B-91A8-64A7D8D23A3E}.Release|Any CPU.ActiveCfg = Release|Any CPU
		{92C8E18C-FB01-470B-91A8-64A7D8D23A3E}.Release|Any CPU.Build.0 = Release|Any CPU
		{CCCFE86C-1B86-4F86-BC78-5EBB6A6A6D41}.Debug|Any CPU.ActiveCfg = Debug|Any CPU
		{CCCFE86C-1B86-4F86-BC78-5EBB6A6A6D41}.Debug|Any CPU.Build.0 = Debug|Any CPU
		{CCCFE86C-1B86-4F86-BC78-5EBB6A6A6D41}.Release|Any CPU.ActiveCfg = Release|Any CPU
		{CCCFE86C-1B86-4F86-BC78-5EBB6A6A6D41}.Release|Any CPU.Build.0 = Release|Any CPU
	EndGlobalSection
	GlobalSection(SolutionProperties) = preSolution
		HideSolutionNode = FALSE
	EndGlobalSection
	GlobalSection(NestedProjects) = preSolution
		{068C3557-3F10-4924-8E2B-150FA8AF2702} = {B65757C4-B749-447D-B0CE-F5890770BCC4}
		{7CEF9448-7447-4916-811E-8281BA4BE10B} = {068C3557-3F10-4924-8E2B-150FA8AF2702}
		{A1B2C3D4-E5F6-7890-ABCD-EF1234567890} = {068C3557-3F10-4924-8E2B-150FA8AF2702}
		{B2C3D4E5-F6A7-8901-BCDE-F12345678901} = {068C3557-3F10-4924-8E2B-150FA8AF2702}
		{BC8AF346-DD48-421B-8B34-C895117F7205} = {B65757C4-B749-447D-B0CE-F5890770BCC4}
		{C1E2A2C6-2CEF-4B0A-AA06-A7226D257731} = {BC8AF346-DD48-421B-8B34-C895117F7205}
		{D1E2F3A4-B5C6-7890-CDEF-012345678902} = {BC8AF346-DD48-421B-8B34-C895117F7205}
		{E2F3A4B5-C6D7-8901-DEF0-123456789012} = {BC8AF346-DD48-421B-8B34-C895117F7205}
		{0353194B-85C7-4BFD-9E65-9300EE30DDF6} = {B65757C4-B749-447D-B0CE-F5890770BCC4}
		{79EA5A9F-E7A9-442A-8078-554AF4341921} = {0353194B-85C7-4BFD-9E65-9300EE30DDF6}
		{C61B8CC4-F478-4FA8-B28C-8461BBAEFFF5} = {B65757C4-B749-447D-B0CE-F5890770BCC4}
		{5FBA3ED4-3D46-49DB-A0E2-BFC5D44D8DD8} = {C61B8CC4-F478-4FA8-B28C-8461BBAEFFF5}
		{A1234567-89AB-CDEF-0123-456789ABCDEF} = {C61B8CC4-F478-4FA8-B28C-8461BBAEFFF5}
		{B2345678-9ABC-DEF0-1234-56789ABCDEF0} = {C61B8CC4-F478-4FA8-B28C-8461BBAEFFF5}
		{7B618FC1-D1E0-4D2F-BE9A-8C17E00B4F33} = {F69928B5-89F6-474E-B551-AD47BD9BE44D}
		{CD984734-367B-4218-95A6-34239BAA1575} = {7B618FC1-D1E0-4D2F-BE9A-8C17E00B4F33}
		{92C8E18C-FB01-470B-91A8-64A7D8D23A3E} = {0353194B-85C7-4BFD-9E65-9300EE30DDF6}
		{CCCFE86C-1B86-4F86-BC78-5EBB6A6A6D41} = {0353194B-85C7-4BFD-9E65-9300EE30DDF6}
	EndGlobalSection
	GlobalSection(ExtensibilityGlobals) = postSolution
		SolutionGuid = {EEAF2EE2-EE8F-4E05-B850-4978E020D359}
	EndGlobalSection
EndGlobal
